{
  "originHash" : "5d286d3227d2db2ac9f2cd3b8dd9e60c0414fc87be44c6edfa9aa2499b3124e7",
  "pins" : [
    {
      "identity" : "voltaserve-core",
      "kind" : "remoteSourceControl",
      "location" : "https://github.com/kouprlabs/voltaserve-core.git",
      "state" : {
        "branch" : "main",
        "revision" : "2c812bbac150163397275e1b9fd27b1da38f8008"
      }
    }
  ],
  "version" : 3
}
